
Microsoft Visual Studio Solution File, Format Version 12.00
# Visual Studio Version 17
VisualStudioVersion = 17.0.32112.339
MinimumVisualStudioVersion = 10.0.40219.1
Project("{FAE04EC0-301F-11D3-BF4B-00C04F79EFBC}") = "forReal", "forReal\forReal.csproj", "{CCCE71A4-2F73-4DC5-BDBE-9F1A73C4C17F}"
EndProject
Global
	GlobalSection(SolutionConfigurationPlatforms) = preSolution
		Debug|Any CPU = Debug|Any CPU
		Release|Any CPU = Release|Any CPU
	EndGlobalSection
	GlobalSection(ProjectConfigurationPlatforms) = postSolution
		{CCCE71A4-2F73-4DC5-BDBE-9F1A73C4C17F}.Debug|Any CPU.ActiveCfg = Debug|Any CPU
		{CCCE71A4-2F73-4DC5-BDBE-9F1A73C4C17F}.Debug|Any CPU.Build.0 = Debug|Any CPU
		{CCCE71A4-2F73-4DC5-BDBE-9F1A73C4C17F}.Release|Any CPU.ActiveCfg = Release|Any CPU
		{CCCE71A4-2F73-4DC5-BDBE-9F1A73C4C17F}.Release|Any CPU.Build.0 = Release|Any CPU
	EndGlobalSection
	GlobalSection(SolutionProperties) = preSolution
		HideSolutionNode = FALSE
	EndGlobalSection
	GlobalSection(ExtensibilityGlobals) = postSolution
		SolutionGuid = {32496723-F53E-408E-837A-F2854976F358}
	EndGlobalSection
EndGlobal
